// !$*UTF8*$!
{
	archiveVersion = 1;
	classes = {
	};
	objectVersion = 46;
	objects = {

/* Begin PBXBuildFile section */
		945DE4AB197D6FB000A14252 /* BNRQuizViewController.m in Sources */ = {isa = PBXBuildFile; fileRef = 945DE4A9197D6FB000A14252 /* BNRQuizViewController.m */; };
		945DE4AC197D6FB000A14252 /* BNRQuizViewController.xib in Resources */ = {isa = PBXBuildFile; fileRef = 945DE4AA197D6FB000A14252 /* BNRQuizViewController.xib */; };
		94EF2EA91974486E00A2C34C /* Foundation.framework in Frameworks */ = {isa = PBXBuildFile; fileRef = 94EF2EA81974486E00A2C34C /* Foundation.framework */; };
		94EF2EAB1974486E00A2C34C /* CoreGraphics.framework in Frameworks */ = {isa = PBXBuildFile; fileRef = 94EF2EAA1974486E00A2C34C /* CoreGraphics.framework */; };
		94EF2EAD1974486E00A2C34C /* UIKit.framework in Frameworks */ = {isa = PBXBuildFile; fileRef = 94EF2EAC1974486E00A2C34C /* UIKit.framework */; };
		94EF2EB31974486E00A2C34C /* InfoPlist.strings in Resources */ = {isa = PBXBuildFile; fileRef = 94EF2EB11974486E00A2C34C /* InfoPlist.strings */; };
		94EF2EB51974486E00A2C34C /* main.m in Sources */ = {isa = PBXBuildFile; fileRef = 94EF2EB41974486E00A2C34C /* main.m */; };
		94EF2EB91974486E00A2C34C /* BNRAppDelegate.m in Sources */ = {isa = PBXBuildFile; fileRef = 94EF2EB81974486E00A2C34C /* BNRAppDelegate.m */; };
		94EF2EBB1974486E00A2C34C /* Images.xcassets in Resources */ = {isa = PBXBuildFile; fileRef = 94EF2EBA1974486E00A2C34C /* Images.xcassets */; };
		94EF2EC21974486E00A2C34C /* XCTest.framework in Frameworks */ = {isa = PBXBuildFile; fileRef = 94EF2EC11974486E00A2C34C /* XCTest.framework */; };
		94EF2EC31974486E00A2C34C /* Foundation.framework in Frameworks */ = {isa = PBXBuildFile; fileRef = 94EF2EA81974486E00A2C34C /* Foundation.framework */; };
		94EF2EC41974486E00A2C34C /* UIKit.framework in Frameworks */ = {isa = PBXBuildFile; fileRef = 94EF2EAC1974486E00A2C34C /* UIKit.framework */; };
		94EF2ECC1974486E00A2C34C /* InfoPlist.strings in Resources */ = {isa = PBXBuildFile; fileRef = 94EF2ECA1974486E00A2C34C /* InfoPlist.strings */; };
		94EF2ECE1974486E00A2C34C /* QuizTests.m in Sources */ = {isa = PBXBuildFile; fileRef = 94EF2ECD1974486E00A2C34C /* QuizTests.m */; };
/* End PBXBuildFile section */

/* Begin PBXContainerItemProxy section */
		94EF2EC51974486E00A2C34C /* PBXContainerItemProxy */ = {
			isa = PBXContainerItemProxy;
			containerPortal = 94EF2E9D1974486E00A2C34C /* Project object */;
			proxyType = 1;
			remoteGlobalIDString = 94EF2EA41974486E00A2C34C;
			remoteInfo = Quiz;
		};
/* End PBXContainerItemProxy section */

/* Begin PBXFileReference section */
		945DE4A8197D6FB000A14252 /* BNRQuizViewController.h */ = {isa = PBXFileReference; fileEncoding = 4; lastKnownFileType = sourcecode.c.h; path = BNRQuizViewController.h; sourceTree = "<group>"; };
		945DE4A9197D6FB000A14252 /* BNRQuizViewController.m */ = {isa = PBXFileReference; fileEncoding = 4; lastKnownFileType = sourcecode.c.objc; path = BNRQuizViewController.m; sourceTree = "<group>"; };
		945DE4AA197D6FB000A14252 /* BNRQuizViewController.xib */ = {isa = PBXFileReference; fileEncoding = 4; lastKnownFileType = file.xib; path = BNRQuizViewController.xib; sourceTree = "<group>"; };
		94EF2EA51974486E00A2C34C /* Quiz.app */ = {isa = PBXFileReference; explicitFileType = wrapper.application; includeInIndex = 0; path = Quiz.app; sourceTree = BUILT_PRODUCTS_DIR; };
		94EF2EA81974486E00A2C34C /* Foundation.framework */ = {isa = PBXFileReference; lastKnownFileType = wrapper.framework; name = Foundation.framework; path = System/Library/Frameworks/Foundation.framework; sourceTree = SDKROOT; };
		94EF2EAA1974486E00A2C34C /* CoreGraphics.framework */ = {isa = PBXFileReference; lastKnownFileType = wrapper.framework; name = CoreGraphics.framework; path = System/Library/Frameworks/CoreGraphics.framework; sourceTree = SDKROOT; };
		94EF2EAC1974486E00A2C34C /* UIKit.framework */ = {isa = PBXFileReference; lastKnownFileType = wrapper.framework; name = UIKit.framework; path = System/Library/Frameworks/UIKit.framework; sourceTree = SDKROOT; };
		94EF2EB01974486E00A2C34C /* Quiz-Info.plist */ = {isa = PBXFileReference; lastKnownFileType = text.plist.xml; path = "Quiz-Info.plist"; sourceTree = "<group>"; };
		94EF2EB21974486E00A2C34C /* en */ = {isa = PBXFileReference; lastKnownFileType = text.plist.strings; name = en; path = en.lproj/InfoPlist.strings; sourceTree = "<group>"; };
		94EF2EB41974486E00A2C34C /* main.m */ = {isa = PBXFileReference; lastKnownFileType = sourcecode.c.objc; path = main.m; sourceTree = "<group>"; };
		94EF2EB61974486E00A2C34C /* Quiz-Prefix.pch */ = {isa = PBXFileReference; lastKnownFileType = sourcecode.c.h; path = "Quiz-Prefix.pch"; sourceTree = "<group>"; };
		94EF2EB71974486E00A2C34C /* BNRAppDelegate.h */ = {isa = PBXFileReference; lastKnownFileType = sourcecode.c.h; path = BNRAppDelegate.h; sourceTree = "<group>"; };
		94EF2EB81974486E00A2C34C /* BNRAppDelegate.m */ = {isa = PBXFileReference; lastKnownFileType = sourcecode.c.objc; path = BNRAppDelegate.m; sourceTree = "<group>"; };
		94EF2EBA1974486E00A2C34C /* Images.xcassets */ = {isa = PBXFileReference; lastKnownFileType = folder.assetcatalog; path = Images.xcassets; sourceTree = "<group>"; };
		94EF2EC01974486E00A2C34C /* QuizTests.xctest */ = {isa = PBXFileReference; explicitFileType = wrapper.cfbundle; includeInIndex = 0; path = QuizTests.xctest; sourceTree = BUILT_PRODUCTS_DIR; };
		94EF2EC11974486E00A2C34C /* XCTest.framework */ = {isa = PBXFileReference; lastKnownFileType = wrapper.framework; name = XCTest.framework; path = Library/Frameworks/XCTest.framework; sourceTree = DEVELOPER_DIR; };
		94EF2EC91974486E00A2C34C /* QuizTests-Info.plist */ = {isa = PBXFileReference; lastKnownFileType = text.plist.xml; path = "QuizTests-Info.plist"; sourceTree = "<group>"; };
		94EF2ECB1974486E00A2C34C /* en */ = {isa = PBXFileReference; lastKnownFileType = text.plist.strings; name = en; path = en.lproj/InfoPlist.strings; sourceTree = "<group>"; };
		94EF2ECD1974486E00A2C34C /* QuizTests.m */ = {isa = PBXFileReference; lastKnownFileType = sourcecode.c.objc; path = QuizTests.m; sourceTree = "<group>"; };
/* End PBXFileReference section */

/* Begin PBXFrameworksBuildPhase section */
		94EF2EA21974486E00A2C34C /* Frameworks */ = {
			isa = PBXFrameworksBuildPhase;
			buildActionMask = 2147483647;
			files = (
				94EF2EAB1974486E00A2C34C /* CoreGraphics.framework in Frameworks */,
				94EF2EAD1974486E00A2C34C /* UIKit.framework in Frameworks */,
				94EF2EA91974486E00A2C34C /* Foundation.framework in Frameworks */,
			);
			runOnlyForDeploymentPostprocessing = 0;
		};
		94EF2EBD1974486E00A2C34C /* Frameworks */ = {
			isa = PBXFrameworksBuildPhase;
			buildActionMask = 2147483647;
			files = (
				94EF2EC21974486E00A2C34C /* XCTest.framework in Frameworks */,
				94EF2EC41974486E00A2C34C /* UIKit.framework in Frameworks */,
				94EF2EC31974486E00A2C34C /* Foundation.framework in Frameworks */,
			);
			runOnlyForDeploymentPostprocessing = 0;
		};
/* End PBXFrameworksBuildPhase section */

/* Begin PBXGroup section */
		94EF2E9C1974486E00A2C34C = {
			isa = PBXGroup;
			children = (
				94EF2EAE1974486E00A2C34C /* Quiz */,
				94EF2EC71974486E00A2C34C /* QuizTests */,
				94EF2EA71974486E00A2C34C /* Frameworks */,
				94EF2EA61974486E00A2C34C /* Products */,
			);
			sourceTree = "<group>";
		};
		94EF2EA61974486E00A2C34C /* Products */ = {
			isa = PBXGroup;
			children = (
				94EF2EA51974486E00A2C34C /* Quiz.app */,
				94EF2EC01974486E00A2C34C /* QuizTests.xctest */,
			);
			name = Products;
			sourceTree = "<group>";
		};
		94EF2EA71974486E00A2C34C /* Frameworks */ = {
			isa = PBXGroup;
			children = (
				94EF2EA81974486E00A2C34C /* Foundation.framework */,
				94EF2EAA1974486E00A2C34C /* CoreGraphics.framework */,
				94EF2EAC1974486E00A2C34C /* UIKit.framework */,
				94EF2EC11974486E00A2C34C /* XCTest.framework */,
			);
			name = Frameworks;
			sourceTree = "<group>";
		};
		94EF2EAE1974486E00A2C34C /* Quiz */ = {
			isa = PBXGroup;
			children = (
				94EF2EB71974486E00A2C34C /* BNRAppDelegate.h */,
				945DE4A8197D6FB000A14252 /* BNRQuizViewController.h */,
				945DE4A9197D6FB000A14252 /* BNRQuizViewController.m */,
				945DE4AA197D6FB000A14252 /* BNRQuizViewController.xib */,
				94EF2EB81974486E00A2C34C /* BNRAppDelegate.m */,
				94EF2EBA1974486E00A2C34C /* Images.xcassets */,
				94EF2EAF1974486E00A2C34C /* Supporting Files */,
			);
			path = Quiz;
			sourceTree = "<group>";
		};
		94EF2EAF1974486E00A2C34C /* Supporting Files */ = {
			isa = PBXGroup;
			children = (
				94EF2EB01974486E00A2C34C /* Quiz-Info.plist */,
				94EF2EB11974486E00A2C34C /* InfoPlist.strings */,
				94EF2EB41974486E00A2C34C /* main.m */,
				94EF2EB61974486E00A2C34C /* Quiz-Prefix.pch */,
			);
			name = "Supporting Files";
			sourceTree = "<group>";
		};
		94EF2EC71974486E00A2C34C /* QuizTests */ = {
			isa = PBXGroup;
			children = (
				94EF2ECD1974486E00A2C34C /* QuizTests.m */,
				94EF2EC81974486E00A2C34C /* Supporting Files */,
			);
			path = QuizTests;
			sourceTree = "<group>";
		};
		94EF2EC81974486E00A2C34C /* Supporting Files */ = {
			isa = PBXGroup;
			children = (
				94EF2EC91974486E00A2C34C /* QuizTests-Info.plist */,
				94EF2ECA1974486E00A2C34C /* InfoPlist.strings */,
			);
			name = "Supporting Files";
			sourceTree = "<group>";
		};
/* End PBXGroup section */

/* Begin PBXNativeTarget section */
		94EF2EA41974486E00A2C34C /* Quiz */ = {
			isa = PBXNativeTarget;
			buildConfigurationList = 94EF2ED11974486E00A2C34C /* Build configuration list for PBXNativeTarget "Quiz" */;
			buildPhases = (
				94EF2EA11974486E00A2C34C /* Sources */,
				94EF2EA21974486E00A2C34C /* Frameworks */,
				94EF2EA31974486E00A2C34C /* Resources */,
			);
			buildRules = (
			);
			dependencies = (
			);
			name = Quiz;
			productName = Quiz;
			productReference = 94EF2EA51974486E00A2C34C /* Quiz.app */;
			productType = "com.apple.product-type.application";
		};
		94EF2EBF1974486E00A2C34C /* QuizTests */ = {
			isa = PBXNativeTarget;
			buildConfigurationList = 94EF2ED41974486E00A2C34C /* Build configuration list for PBXNativeTarget "QuizTests" */;
			buildPhases = (
				94EF2EBC1974486E00A2C34C /* Sources */,
				94EF2EBD1974486E00A2C34C /* Frameworks */,
				94EF2EBE1974486E00A2C34C /* Resources */,
			);
			buildRules = (
			);
			dependencies = (
				94EF2EC61974486E00A2C34C /* PBXTargetDependency */,
			);
			name = QuizTests;
			productName = QuizTests;
			productReference = 94EF2EC01974486E00A2C34C /* QuizTests.xctest */;
			productType = "com.apple.product-type.bundle.unit-test";
		};
/* End PBXNativeTarget section */

/* Begin PBXProject section */
		94EF2E9D1974486E00A2C34C /* Project object */ = {
			isa = PBXProject;
			attributes = {
				CLASSPREFIX = BNR;
				LastUpgradeCheck = 0510;
				ORGANIZATIONNAME = "Big Nerd Ranch";
				TargetAttributes = {
					94EF2EA41974486E00A2C34C = {
						DevelopmentTeam = E68QAAURD5;
					};
					94EF2EBF1974486E00A2C34C = {
						TestTargetID = 94EF2EA41974486E00A2C34C;
					};
				};
			};
			buildConfigurationList = 94EF2EA01974486E00A2C34C /* Build configuration list for PBXProject "Quiz" */;
			compatibilityVersion = "Xcode 3.2";
			developmentRegion = English;
			hasScannedForEncodings = 0;
			knownRegions = (
				en,
			);
			mainGroup = 94EF2E9C1974486E00A2C34C;
			productRefGroup = 94EF2EA61974486E00A2C34C /* Products */;
			projectDirPath = "";
			projectRoot = "";
			targets = (
				94EF2EA41974486E00A2C34C /* Quiz */,
				94EF2EBF1974486E00A2C34C /* QuizTests */,
			);
		};
/* End PBXProject section */

/* Begin PBXResourcesBuildPhase section */
		94EF2EA31974486E00A2C34C /* Resources */ = {
			isa = PBXResourcesBuildPhase;
			buildActionMask = 2147483647;
			files = (
				94EF2EB31974486E00A2C34C /* InfoPlist.strings in Resources */,
				945DE4AC197D6FB000A14252 /* BNRQuizViewController.xib in Resources */,
				94EF2EBB1974486E00A2C34C /* Images.xcassets in Resources */,
			);
			runOnlyForDeploymentPostprocessing = 0;
		};
		94EF2EBE1974486E00A2C34C /* Resources */ = {
			isa = PBXResourcesBuildPhase;
			buildActionMask = 2147483647;
			files = (
				94EF2ECC1974486E00A2C34C /* InfoPlist.strings in Resources */,
			);
			runOnlyForDeploymentPostprocessing = 0;
		};
/* End PBXResourcesBuildPhase section */

/* Begin PBXSourcesBuildPhase section */
		94EF2EA11974486E00A2C34C /* Sources */ = {
			isa = PBXSourcesBuildPhase;
			buildActionMask = 2147483647;
			files = (
				94EF2EB51974486E00A2C34C /* main.m in Sources */,
				94EF2EB91974486E00A2C34C /* BNRAppDelegate.m in Sources */,
				945DE4AB197D6FB000A14252 /* BNRQuizViewController.m in Sources */,
			);
			runOnlyForDeploymentPostprocessing = 0;
		};
		94EF2EBC1974486E00A2C34C /* Sources */ = {
			isa = PBXSourcesBuildPhase;
			buildActionMask = 2147483647;
			files = (
				94EF2ECE1974486E00A2C34C /* QuizTests.m in Sources */,
			);
			runOnlyForDeploymentPostprocessing = 0;
		};
/* End PBXSourcesBuildPhase section */

/* Begin PBXTargetDependency section */
		94EF2EC61974486E00A2C34C /* PBXTargetDependency */ = {
			isa = PBXTargetDependency;
			target = 94EF2EA41974486E00A2C34C /* Quiz */;
			targetProxy = 94EF2EC51974486E00A2C34C /* PBXContainerItemProxy */;
		};
/* End PBXTargetDependency section */

/* Begin PBXVariantGroup section */
		94EF2EB11974486E00A2C34C /* InfoPlist.strings */ = {
			isa = PBXVariantGroup;
			children = (
				94EF2EB21974486E00A2C34C /* en */,
			);
			name = InfoPlist.strings;
			sourceTree = "<group>";
		};
		94EF2ECA1974486E00A2C34C /* InfoPlist.strings */ = {
			isa = PBXVariantGroup;
			children = (
				94EF2ECB1974486E00A2C34C /* en */,
			);
			name = InfoPlist.strings;
			sourceTree = "<group>";
		};
/* End PBXVariantGroup section */

/* Begin XCBuildConfiguration section */
		94EF2ECF1974486E00A2C34C /* Debug */ = {
			isa = XCBuildConfiguration;
			buildSettings = {
				ALWAYS_SEARCH_USER_PATHS = NO;
				CLANG_CXX_LANGUAGE_STANDARD = "gnu++0x";
				CLANG_CXX_LIBRARY = "libc++";
				CLANG_ENABLE_MODULES = YES;
				CLANG_ENABLE_OBJC_ARC = YES;
				CLANG_WARN_BOOL_CONVERSION = YES;
				CLANG_WARN_CONSTANT_CONVERSION = YES;
				CLANG_WARN_DIRECT_OBJC_ISA_USAGE = YES_ERROR;
				CLANG_WARN_EMPTY_BODY = YES;
				CLANG_WARN_ENUM_CONVERSION = YES;
				CLANG_WARN_INT_CONVERSION = YES;
				CLANG_WARN_OBJC_ROOT_CLASS = YES_ERROR;
				CLANG_WARN__DUPLICATE_METHOD_MATCH = YES;
				"CODE_SIGN_IDENTITY[sdk=iphoneos*]" = "iPhone Developer";
				COPY_PHASE_STRIP = NO;
				GCC_C_LANGUAGE_STANDARD = gnu99;
				GCC_DYNAMIC_NO_PIC = NO;
				GCC_OPTIMIZATION_LEVEL = 0;
				GCC_PREPROCESSOR_DEFINITIONS = (
					"DEBUG=1",
					"$(inherited)",
				);
				GCC_SYMBOLS_PRIVATE_EXTERN = NO;
				GCC_WARN_64_TO_32_BIT_CONVERSION = YES;
				GCC_WARN_ABOUT_RETURN_TYPE = YES_ERROR;
				GCC_WARN_UNDECLARED_SELECTOR = YES;
				GCC_WARN_UNINITIALIZED_AUTOS = YES_AGGRESSIVE;
				GCC_WARN_UNUSED_FUNCTION = YES;
				GCC_WARN_UNUSED_VARIABLE = YES;
				IPHONEOS_DEPLOYMENT_TARGET = 7.1;
				ONLY_ACTIVE_ARCH = YES;
				SDKROOT = iphoneos;
			};
			name = Debug;
		};
		94EF2ED01974486E00A2C34C /* Release */ = {
			isa = XCBuildConfiguration;
			buildSettings = {
				ALWAYS_SEARCH_USER_PATHS = NO;
				CLANG_CXX_LANGUAGE_STANDARD = "gnu++0x";
				CLANG_CXX_LIBRARY = "libc++";
				CLANG_ENABLE_MODULES = YES;
				CLANG_ENABLE_OBJC_ARC = YES;
				CLANG_WARN_BOOL_CONVERSION = YES;
				CLANG_WARN_CONSTANT_CONVERSION = YES;
				CLANG_WARN_DIRECT_OBJC_ISA_USAGE = YES_ERROR;
				CLANG_WARN_EMPTY_BODY = YES;
				CLANG_WARN_ENUM_CONVERSION = YES;
				CLANG_WARN_INT_CONVERSION = YES;
				CLANG_WARN_OBJC_ROOT_CLASS = YES_ERROR;
				CLANG_WARN__DUPLICATE_METHOD_MATCH = YES;
				"CODE_SIGN_IDENTITY[sdk=iphoneos*]" = "iPhone Developer";
				COPY_PHASE_STRIP = YES;
				ENABLE_NS_ASSERTIONS = NO;
				GCC_C_LANGUAGE_STANDARD = gnu99;
				GCC_WARN_64_TO_32_BIT_CONVERSION = YES;
				GCC_WARN_ABOUT_RETURN_TYPE = YES_ERROR;
				GCC_WARN_UNDECLARED_SELECTOR = YES;
				GCC_WARN_UNINITIALIZED_AUTOS = YES_AGGRESSIVE;
				GCC_WARN_UNUSED_FUNCTION = YES;
				GCC_WARN_UNUSED_VARIABLE = YES;
				IPHONEOS_DEPLOYMENT_TARGET = 7.1;
				SDKROOT = iphoneos;
				VALIDATE_PRODUCT = YES;
			};
			name = Release;
		};
		94EF2ED21974486E00A2C34C /* Debug */ = {
			isa = XCBuildConfiguration;
			buildSettings = {
				ASSETCATALOG_COMPILER_APPICON_NAME = AppIcon;
				ASSETCATALOG_COMPILER_LAUNCHIMAGE_NAME = LaunchImage;
				CODE_SIGN_IDENTITY = "iPhone Developer";
				"CODE_SIGN_IDENTITY[sdk=iphoneos*]" = "iPhone Developer";
				GCC_PRECOMPILE_PREFIX_HEADER = YES;
				GCC_PREFIX_HEADER = "Quiz/Quiz-Prefix.pch";
				INFOPLIST_FILE = "Quiz/Quiz-Info.plist";
				PRODUCT_NAME = "$(TARGET_NAME)";
				PROVISIONING_PROFILE = "";
				WRAPPER_EXTENSION = app;
			};
			name = Debug;
		};
		94EF2ED31974486E00A2C34C /* Release */ = {
			isa = XCBuildConfiguration;
			buildSettings = {
				ASSETCATALOG_COMPILER_APPICON_NAME = AppIcon;
				ASSETCATALOG_COMPILER_LAUNCHIMAGE_NAME = LaunchImage;
				CODE_SIGN_IDENTITY = "iPhone Developer";
				"CODE_SIGN_IDENTITY[sdk=iphoneos*]" = "iPhone Developer";
				GCC_PRECOMPILE_PREFIX_HEADER = YES;
				GCC_PREFIX_HEADER = "Quiz/Quiz-Prefix.pch";
				INFOPLIST_FILE = "Quiz/Quiz-Info.plist";
				PRODUCT_NAME = "$(TARGET_NAME)";
				PROVISIONING_PROFILE = "";
				WRAPPER_EXTENSION = app;
			};
			name = Release;
		};
		94EF2ED51974486E00A2C34C /* Debug */ = {
			isa = XCBuildConfiguration;
			buildSettings = {
				BUNDLE_LOADER = "$(BUILT_PRODUCTS_DIR)/Quiz.app/Quiz";
				FRAMEWORK_SEARCH_PATHS = (
					"$(SDKROOT)/Developer/Library/Frameworks",
					"$(inherited)",
					"$(DEVELOPER_FRAMEWORKS_DIR)",
				);
				GCC_PRECOMPILE_PREFIX_HEADER = YES;
				GCC_PREFIX_HEADER = "Quiz/Quiz-Prefix.pch";
				GCC_PREPROCESSOR_DEFINITIONS = (
					"DEBUG=1",
					"$(inherited)",
				);
				INFOPLIST_FILE = "QuizTests/QuizTests-Info.plist";
				PRODUCT_NAME = "$(TARGET_NAME)";
				TEST_HOST = "$(BUNDLE_LOADER)";
				WRAPPER_EXTENSION = xctest;
			};
			name = Debug;
		};
		94EF2ED61974486E00A2C34C /* Release */ = {
			isa = XCBuildConfiguration;
			buildSettings = {
				BUNDLE_LOADER = "$(BUILT_PRODUCTS_DIR)/Quiz.app/Quiz";
				FRAMEWORK_SEARCH_PATHS = (
					"$(SDKROOT)/Developer/Library/Frameworks",
					"$(inherited)",
					"$(DEVELOPER_FRAMEWORKS_DIR)",
				);
				GCC_PRECOMPILE_PREFIX_HEADER = YES;
				GCC_PREFIX_HEADER = "Quiz/Quiz-Prefix.pch";
				INFOPLIST_FILE = "QuizTests/QuizTests-Info.plist";
				PRODUCT_NAME = "$(TARGET_NAME)";
				TEST_HOST = "$(BUNDLE_LOADER)";
				WRAPPER_EXTENSION = xctest;
			};
			name = Release;
		};
/* End XCBuildConfiguration section */

/* Begin XCConfigurationList section */
		94EF2EA01974486E00A2C34C /* Build configuration list for PBXProject "Quiz" */ = {
			isa = XCConfigurationList;
			buildConfigurations = (
				94EF2ECF1974486E00A2C34C /* Debug */,
				94EF2ED01974486E00A2C34C /* Release */,
			);
			defaultConfigurationIsVisible = 0;
			defaultConfigurationName = Release;
		};
		94EF2ED11974486E00A2C34C /* Build configuration list for PBXNativeTarget "Quiz" */ = {
			isa = XCConfigurationList;
			buildConfigurations = (
				94EF2ED21974486E00A2C34C /* Debug */,
				94EF2ED31974486E00A2C34C /* Release */,
			);
			defaultConfigurationIsVisible = 0;
			defaultConfigurationName = Release;
		};
		94EF2ED41974486E00A2C34C /* Build configuration list for PBXNativeTarget "QuizTests" */ = {
			isa = XCConfigurationList;
			buildConfigurations = (
				94EF2ED51974486E00A2C34C /* Debug */,
				94EF2ED61974486E00A2C34C /* Release */,
			);
			defaultConfigurationIsVisible = 0;
			defaultConfigurationName = Release;
		};
/* End XCConfigurationList section */
	};
	rootObject = 94EF2E9D1974486E00A2C34C /* Project object */;
}
